
Microsoft Visual Studio Solution File, Format Version 12.00
# Visual Studio Version 17
VisualStudioVersion = 17.7.34018.315
MinimumVisualStudioVersion = 10.0.40219.1
Project("{9A19103F-16F7-4668-BE54-9A1E7A4F7556}") = "Vista", "Vista\Vista.csproj", "{4B1489AA-F57D-4D16-AB16-4417CC111898}"
EndProject
Project("{9A19103F-16F7-4668-BE54-9A1E7A4F7556}") = "Entidades", "Entidades\Entidades.csproj", "{FD6C1D69-D001-44EB-A318-ABEF4B88EBFC}"
EndProject
Project("{9A19103F-16F7-4668-BE54-9A1E7A4F7556}") = "TestProject", "TestProject\TestProject.csproj", "{1453DD4B-CF9C-4E67-8951-29032155B932}"
EndProject
Global
	GlobalSection(SolutionConfigurationPlatforms) = preSolution
		Debug|Any CPU = Debug|Any CPU
		Release|Any CPU = Release|Any CPU
	EndGlobalSection
	GlobalSection(ProjectConfigurationPlatforms) = postSolution
		{4B1489AA-F57D-4D16-AB16-4417CC111898}.Debug|Any CPU.ActiveCfg = Debug|Any CPU
		{4B1489AA-F57D-4D16-AB16-4417CC111898}.Debug|Any CPU.Build.0 = Debug|Any CPU
		{4B1489AA-F57D-4D16-AB16-4417CC111898}.Release|Any CPU.ActiveCfg = Release|Any CPU
		{4B1489AA-F57D-4D16-AB16-4417CC111898}.Release|Any CPU.Build.0 = Release|Any CPU
		{FD6C1D69-D001-44EB-A318-ABEF4B88EBFC}.Debug|Any CPU.ActiveCfg = Debug|Any CPU
		{FD6C1D69-D001-44EB-A318-ABEF4B88EBFC}.Debug|Any CPU.Build.0 = Debug|Any CPU
		{FD6C1D69-D001-44EB-A318-ABEF4B88EBFC}.Release|Any CPU.ActiveCfg = Release|Any CPU
		{FD6C1D69-D001-44EB-A318-ABEF4B88EBFC}.Release|Any CPU.Build.0 = Release|Any CPU
		{1453DD4B-CF9C-4E67-8951-29032155B932}.Debug|Any CPU.ActiveCfg = Debug|Any CPU
		{1453DD4B-CF9C-4E67-8951-29032155B932}.Debug|Any CPU.Build.0 = Debug|Any CPU
		{1453DD4B-CF9C-4E67-8951-29032155B932}.Release|Any CPU.ActiveCfg = Release|Any CPU
		{1453DD4B-CF9C-4E67-8951-29032155B932}.Release|Any CPU.Build.0 = Release|Any CPU
	EndGlobalSection
	GlobalSection(SolutionProperties) = preSolution
		HideSolutionNode = FALSE
	EndGlobalSection
	GlobalSection(ExtensibilityGlobals) = postSolution
		SolutionGuid = {AD10242C-D105-40A0-BE6F-CB4A40EE2AD9}
	EndGlobalSection
EndGlobal
